Microsoft Visual Studio Solution File, Format Version 12.00
# Visual Studio Version 17
VisualStudioVersion = 17.5.2.0
MinimumVisualStudioVersion = 10.0.40219.1
Project("{FAE04EC0-301F-11D3-BF4B-00C04F79EFBC}") = "F1.Discord", "F1.Discord.csproj", "{92C928DD-F435-BD85-0AB3-809D28B3CC97}"
EndProject
Global
	GlobalSection(SolutionConfigurationPlatforms) = preSolution
		Debug|Any CPU = Debug|Any CPU
		Release|Any CPU = Release|Any CPU
	EndGlobalSection
	GlobalSection(ProjectConfigurationPlatforms) = postSolution
		{92C928DD-F435-BD85-0AB3-809D28B3CC97}.Debug|Any CPU.ActiveCfg = Debug|Any CPU
		{92C928DD-F435-BD85-0AB3-809D28B3CC97}.Debug|Any CPU.Build.0 = Debug|Any CPU
		{92C928DD-F435-BD85-0AB3-809D28B3CC97}.Release|Any CPU.ActiveCfg = Release|Any CPU
		{92C928DD-F435-BD85-0AB3-809D28B3CC97}.Release|Any CPU.Build.0 = Release|Any CPU
	EndGlobalSection
	GlobalSection(SolutionProperties) = preSolution
		HideSolutionNode = FALSE
	EndGlobalSection
	GlobalSection(ExtensibilityGlobals) = postSolution
		SolutionGuid = {364925D6-2428-48E6-B468-930A8E5EAA5C}
	EndGlobalSection
EndGlobal
